
Microsoft Visual Studio Solution File, Format Version 12.00
# Visual Studio Version 17
VisualStudioVersion = 17.7.34221.43
MinimumVisualStudioVersion = 10.0.40219.1
Project("{FAE04EC0-301F-11D3-BF4B-00C04F79EFBC}") = "eTickets", "eTickets\eTickets.csproj", "{C317BB50-110E-4C95-9B77-B39B9E75A555}"
EndProject
Global
	GlobalSection(SolutionConfigurationPlatforms) = preSolution
		Debug|Any CPU = Debug|Any CPU
		Release|Any CPU = Release|Any CPU
	EndGlobalSection
	GlobalSection(ProjectConfigurationPlatforms) = postSolution
		{C317BB50-110E-4C95-9B77-B39B9E75A555}.Debug|Any CPU.ActiveCfg = Debug|Any CPU
		{C317BB50-110E-4C95-9B77-B39B9E75A555}.Debug|Any CPU.Build.0 = Debug|Any CPU
		{C317BB50-110E-4C95-9B77-B39B9E75A555}.Release|Any CPU.ActiveCfg = Release|Any CPU
		{C317BB50-110E-4C95-9B77-B39B9E75A555}.Release|Any CPU.Build.0 = Release|Any CPU
	EndGlobalSection
	GlobalSection(SolutionProperties) = preSolution
		HideSolutionNode = FALSE
	EndGlobalSection
	GlobalSection(ExtensibilityGlobals) = postSolution
		SolutionGuid = {9083D6DE-10EA-4846-BDEC-1AC3A6F098A8}
	EndGlobalSection
EndGlobal
